
Microsoft Visual Studio Solution File, Format Version 12.00
# Visual Studio Version 17
VisualStudioVersion = 17.3.32901.215
MinimumVisualStudioVersion = 10.0.40219.1
Project("{FAE04EC0-301F-11D3-BF4B-00C04F79EFBC}") = "L10_AJFR_1247022", "L10_AJFR_1247022.csproj", "{CD4B4123-E075-45F6-B246-C04099C0E85A}"
EndProject
Global
	GlobalSection(SolutionConfigurationPlatforms) = preSolution
		Debug|Any CPU = Debug|Any CPU
		Release|Any CPU = Release|Any CPU
	EndGlobalSection
	GlobalSection(ProjectConfigurationPlatforms) = postSolution
		{CD4B4123-E075-45F6-B246-C04099C0E85A}.Debug|Any CPU.ActiveCfg = Debug|Any CPU
		{CD4B4123-E075-45F6-B246-C04099C0E85A}.Debug|Any CPU.Build.0 = Debug|Any CPU
		{CD4B4123-E075-45F6-B246-C04099C0E85A}.Release|Any CPU.ActiveCfg = Release|Any CPU
		{CD4B4123-E075-45F6-B246-C04099C0E85A}.Release|Any CPU.Build.0 = Release|Any CPU
	EndGlobalSection
	GlobalSection(SolutionProperties) = preSolution
		HideSolutionNode = FALSE
	EndGlobalSection
	GlobalSection(ExtensibilityGlobals) = postSolution
		SolutionGuid = {70387598-7541-426B-83E9-4F5F90D018DE}
	EndGlobalSection
EndGlobal
